
Microsoft Visual Studio Solution File, Format Version 12.00
Project("{FAE04EC0-301F-11D3-BF4B-00C04F79EFBC}") = "Calculator", "Calculator\Calculator.csproj", "{CA1B8CC9-4A04-4EF4-924D-AC3E3021CE99}"
EndProject
Global
	GlobalSection(SolutionConfigurationPlatforms) = preSolution
		Debug|Any CPU = Debug|Any CPU
		Release|Any CPU = Release|Any CPU
	EndGlobalSection
	GlobalSection(ProjectConfigurationPlatforms) = postSolution
		{CA1B8CC9-4A04-4EF4-924D-AC3E3021CE99}.Debug|Any CPU.ActiveCfg = Debug|Any CPU
		{CA1B8CC9-4A04-4EF4-924D-AC3E3021CE99}.Debug|Any CPU.Build.0 = Debug|Any CPU
		{CA1B8CC9-4A04-4EF4-924D-AC3E3021CE99}.Release|Any CPU.ActiveCfg = Release|Any CPU
		{CA1B8CC9-4A04-4EF4-924D-AC3E3021CE99}.Release|Any CPU.Build.0 = Release|Any CPU
	EndGlobalSection
EndGlobal
